
Microsoft Visual Studio Solution File, Format Version 12.00
# Visual Studio Version 17
VisualStudioVersion = 17.3.32929.385
MinimumVisualStudioVersion = 10.0.40219.1
Project("{FAE04EC0-301F-11D3-BF4B-00C04F79EFBC}") = "Circumference of circle", "Circumference of circle\Circumference of circle.csproj", "{CCCED76B-F5C6-412E-A138-AFCBB6915708}"
EndProject
Global
	GlobalSection(SolutionConfigurationPlatforms) = preSolution
		Debug|Any CPU = Debug|Any CPU
		Release|Any CPU = Release|Any CPU
	EndGlobalSection
	GlobalSection(ProjectConfigurationPlatforms) = postSolution
		{CCCED76B-F5C6-412E-A138-AFCBB6915708}.Debug|Any CPU.ActiveCfg = Debug|Any CPU
		{CCCED76B-F5C6-412E-A138-AFCBB6915708}.Debug|Any CPU.Build.0 = Debug|Any CPU
		{CCCED76B-F5C6-412E-A138-AFCBB6915708}.Release|Any CPU.ActiveCfg = Release|Any CPU
		{CCCED76B-F5C6-412E-A138-AFCBB6915708}.Release|Any CPU.Build.0 = Release|Any CPU
	EndGlobalSection
	GlobalSection(SolutionProperties) = preSolution
		HideSolutionNode = FALSE
	EndGlobalSection
	GlobalSection(ExtensibilityGlobals) = postSolution
		SolutionGuid = {9EA0D9BA-7D90-4D90-BB00-F26049CD6463}
	EndGlobalSection
EndGlobal
