
Microsoft Visual Studio Solution File, Format Version 12.00
# Visual Studio Version 17
VisualStudioVersion = 17.3.32929.385
MinimumVisualStudioVersion = 10.0.40219.1
Project("{FAE04EC0-301F-11D3-BF4B-00C04F79EFBC}") = "Linq assignment", "Linq assignment\Linq assignment.csproj", "{24B6AA1D-20C5-4741-A48B-762B6A392368}"
EndProject
Global
	GlobalSection(SolutionConfigurationPlatforms) = preSolution
		Debug|Any CPU = Debug|Any CPU
		Release|Any CPU = Release|Any CPU
	EndGlobalSection
	GlobalSection(ProjectConfigurationPlatforms) = postSolution
		{24B6AA1D-20C5-4741-A48B-762B6A392368}.Debug|Any CPU.ActiveCfg = Debug|Any CPU
		{24B6AA1D-20C5-4741-A48B-762B6A392368}.Debug|Any CPU.Build.0 = Debug|Any CPU
		{24B6AA1D-20C5-4741-A48B-762B6A392368}.Release|Any CPU.ActiveCfg = Release|Any CPU
		{24B6AA1D-20C5-4741-A48B-762B6A392368}.Release|Any CPU.Build.0 = Release|Any CPU
	EndGlobalSection
	GlobalSection(SolutionProperties) = preSolution
		HideSolutionNode = FALSE
	EndGlobalSection
	GlobalSection(ExtensibilityGlobals) = postSolution
		SolutionGuid = {C7811F13-4F8F-4C28-973B-8E5024FBEB36}
	EndGlobalSection
EndGlobal
