
Microsoft Visual Studio Solution File, Format Version 12.00
# Visual Studio Version 17
VisualStudioVersion = 17.3.32929.385
MinimumVisualStudioVersion = 10.0.40219.1
Project("{FAE04EC0-301F-11D3-BF4B-00C04F79EFBC}") = "user console", "user console\user console.csproj", "{AF229C02-6D3F-4E3D-B1C6-769E3AB27E9A}"
EndProject
Global
	GlobalSection(SolutionConfigurationPlatforms) = preSolution
		Debug|Any CPU = Debug|Any CPU
		Release|Any CPU = Release|Any CPU
	EndGlobalSection
	GlobalSection(ProjectConfigurationPlatforms) = postSolution
		{AF229C02-6D3F-4E3D-B1C6-769E3AB27E9A}.Debug|Any CPU.ActiveCfg = Debug|Any CPU
		{AF229C02-6D3F-4E3D-B1C6-769E3AB27E9A}.Debug|Any CPU.Build.0 = Debug|Any CPU
		{AF229C02-6D3F-4E3D-B1C6-769E3AB27E9A}.Release|Any CPU.ActiveCfg = Release|Any CPU
		{AF229C02-6D3F-4E3D-B1C6-769E3AB27E9A}.Release|Any CPU.Build.0 = Release|Any CPU
	EndGlobalSection
	GlobalSection(SolutionProperties) = preSolution
		HideSolutionNode = FALSE
	EndGlobalSection
	GlobalSection(ExtensibilityGlobals) = postSolution
		SolutionGuid = {29D28D9C-2BEA-4BD2-91E7-DCA522D1FE59}
	EndGlobalSection
EndGlobal
